// !$*UTF8*$!
{
	archiveVersion = 1;
	classes = {
	};
	objectVersion = 46;
	objects = {

/* Begin PBXBuildFile section */
		D56B0481EEF0C5F657691130 /* libPods-RidingMechanic.a in Frameworks */ = {isa = PBXBuildFile; fileRef = 5E552620A5EB38BB9F54948E /* libPods-RidingMechanic.a */; };
		E209004C1DF6509900798A32 /* WebKit.framework in Frameworks */ = {isa = PBXBuildFile; fileRef = E21D27651DCE6A62001EAD26 /* WebKit.framework */; };
		E20A8D411E06129600D18DCA /* SetInitialStatus.m in Sources */ = {isa = PBXBuildFile; fileRef = E20A8D401E06129600D18DCA /* SetInitialStatus.m */; };
		E20A8D441E0627FA00D18DCA /* WaterTemperatureAlertTableViewController.m in Sources */ = {isa = PBXBuildFile; fileRef = E20A8D431E0627FA00D18DCA /* WaterTemperatureAlertTableViewController.m */; };
		E21195651E2D747C0005F728 /* MenuViewController.m in Sources */ = {isa = PBXBuildFile; fileRef = E21195641E2D747C0005F728 /* MenuViewController.m */; };
		E21210791DD66DE2002B4ED5 /* LoginViewController.m in Sources */ = {isa = PBXBuildFile; fileRef = E21210781DD66DE2002B4ED5 /* LoginViewController.m */; };
		E212107C1DD66E56002B4ED5 /* RegisterViewController.m in Sources */ = {isa = PBXBuildFile; fileRef = E212107B1DD66E56002B4ED5 /* RegisterViewController.m */; };
		E2159B261E11C45000E505E3 /* HUDViewController.m in Sources */ = {isa = PBXBuildFile; fileRef = E2159B251E11C45000E505E3 /* HUDViewController.m */; };
		E21B33CE1DF77D6C00BE2B8A /* AccountTableViewController.m in Sources */ = {isa = PBXBuildFile; fileRef = E21B33CD1DF77D6C00BE2B8A /* AccountTableViewController.m */; };
		E223A7681E8E08B300E9E292 /* faultcode.rtf in Resources */ = {isa = PBXBuildFile; fileRef = E223A7671E8E08B300E9E292 /* faultcode.rtf */; };
		E22469911DF86EC200A4C207 /* ResetPasswordViewController.m in Sources */ = {isa = PBXBuildFile; fileRef = E22469901DF86EC200A4C207 /* ResetPasswordViewController.m */; };
		E244C9DF1DCA6E9200D0776B /* Reachability.m in Sources */ = {isa = PBXBuildFile; fileRef = E244C9DE1DCA6E9200D0776B /* Reachability.m */; };
		E2494A2B1E01AC4400343E21 /* AlertTableViewCell.m in Sources */ = {isa = PBXBuildFile; fileRef = E2494A291E01AC4400343E21 /* AlertTableViewCell.m */; };
		E2494A3C1E01F5CF00343E21 /* TiredDrivingAlertTableViewController.m in Sources */ = {isa = PBXBuildFile; fileRef = E2494A3B1E01F5CF00343E21 /* TiredDrivingAlertTableViewController.m */; };
		E25982021D89EC5D00C07236 /* main.m in Sources */ = {isa = PBXBuildFile; fileRef = E25982011D89EC5D00C07236 /* main.m */; };
		E25982051D89EC5D00C07236 /* AppDelegate.m in Sources */ = {isa = PBXBuildFile; fileRef = E25982041D89EC5D00C07236 /* AppDelegate.m */; };
		E25982101D89EC5D00C07236 /* Assets.xcassets in Resources */ = {isa = PBXBuildFile; fileRef = E259820F1D89EC5D00C07236 /* Assets.xcassets */; };
		E259821E1D89EC5D00C07236 /* RidingMechanicTests.m in Sources */ = {isa = PBXBuildFile; fileRef = E259821D1D89EC5D00C07236 /* RidingMechanicTests.m */; };
		E25982291D89EC5D00C07236 /* RidingMechanicUITests.m in Sources */ = {isa = PBXBuildFile; fileRef = E25982281D89EC5D00C07236 /* RidingMechanicUITests.m */; };
		E25D1B1F1E8C5A510053039B /* HealthScanViewController.m in Sources */ = {isa = PBXBuildFile; fileRef = E25D1B1E1E8C5A510053039B /* HealthScanViewController.m */; };
		E270DC3E1E00F87400A40DC8 /* AlertTableViewController.m in Sources */ = {isa = PBXBuildFile; fileRef = E270DC3D1E00F87400A40DC8 /* AlertTableViewController.m */; };
		E270DC411E010B4300A40DC8 /* SpeedAlertTableViewController.m in Sources */ = {isa = PBXBuildFile; fileRef = E270DC401E010B4300A40DC8 /* SpeedAlertTableViewController.m */; };
		E27B74A01E5D384700FE5E54 /* RecvMessageAnalysis.m in Sources */ = {isa = PBXBuildFile; fileRef = E27B749F1E5D384700FE5E54 /* RecvMessageAnalysis.m */; };
		E27B74A61E5D3A1E00FE5E54 /* Session.m in Sources */ = {isa = PBXBuildFile; fileRef = E27B74A51E5D3A1E00FE5E54 /* Session.m */; };
		E28ACCDF1DAD4389008C0E59 /* Main.storyboard in Resources */ = {isa = PBXBuildFile; fileRef = E28ACCDE1DAD4389008C0E59 /* Main.storyboard */; };
		E29AAB6E1E847A4B00330763 /* AnalysisViewController.m in Sources */ = {isa = PBXBuildFile; fileRef = E29AAB6D1E847A4B00330763 /* AnalysisViewController.m */; };
		E29B3BA91E6FC90E00EC0D71 /* SendCommand.m in Sources */ = {isa = PBXBuildFile; fileRef = E29B3BA81E6FC90E00EC0D71 /* SendCommand.m */; };
		E2A004351DECF24600FCC18E /* CarModelViewController.m in Sources */ = {isa = PBXBuildFile; fileRef = E2A004321DECF24500FCC18E /* CarModelViewController.m */; };
		E2A004421DEE6FC900FCC18E /* SettingsTableViewController.m in Sources */ = {isa = PBXBuildFile; fileRef = E2A004411DEE6FC900FCC18E /* SettingsTableViewController.m */; };
		E2BC6C9D1DC6915A000A2E49 /* SystemConfiguration.framework in Frameworks */ = {isa = PBXBuildFile; fileRef = E2BC6C9C1DC6915A000A2E49 /* SystemConfiguration.framework */; settings = {ATTRIBUTES = (Required, ); }; };
		E2C87DA01DFA073F000E76FA /* Base.lproj in Resources */ = {isa = PBXBuildFile; fileRef = E2C87D9F1DFA073F000E76FA /* Base.lproj */; };
		E2E36B2B1DC2950A0086FB8A /* ConnectionViewController.m in Sources */ = {isa = PBXBuildFile; fileRef = E2E36B2A1DC2950A0086FB8A /* ConnectionViewController.m */; };
		E2F000501DFA192100B58506 /* Database.xcdatamodeld in Sources */ = {isa = PBXBuildFile; fileRef = E2F0004B1DFA161300B58506 /* Database.xcdatamodeld */; };
		E2FA78881DD2AE38006E730A /* RestAPI.m in Sources */ = {isa = PBXBuildFile; fileRef = E2FA78871DD2AE38006E730A /* RestAPI.m */; };
/* End PBXBuildFile section */

/* Begin PBXContainerItemProxy section */
		E259821A1D89EC5D00C07236 /* PBXContainerItemProxy */ = {
			isa = PBXContainerItemProxy;
			containerPortal = E25981F51D89EC5D00C07236 /* Project object */;
			proxyType = 1;
			remoteGlobalIDString = E25981FC1D89EC5D00C07236;
			remoteInfo = RidingMechanic;
		};
		E25982251D89EC5D00C07236 /* PBXContainerItemProxy */ = {
			isa = PBXContainerItemProxy;
			containerPortal = E25981F51D89EC5D00C07236 /* Project object */;
			proxyType = 1;
			remoteGlobalIDString = E25981FC1D89EC5D00C07236;
			remoteInfo = RidingMechanic;
		};
/* End PBXContainerItemProxy section */

/* Begin PBXFileReference section */
		5E552620A5EB38BB9F54948E /* libPods-RidingMechanic.a */ = {isa = PBXFileReference; explicitFileType = archive.ar; includeInIndex = 0; path = "libPods-RidingMechanic.a"; sourceTree = BUILT_PRODUCTS_DIR; };
		B7B5E49D617F7A179FE8DB55 /* Pods-RidingMechanic.debug.xcconfig */ = {isa = PBXFileReference; includeInIndex = 1; lastKnownFileType = text.xcconfig; name = "Pods-RidingMechanic.debug.xcconfig"; path = "Pods/Target Support Files/Pods-RidingMechanic/Pods-RidingMechanic.debug.xcconfig"; sourceTree = "<group>"; };
		E20A8D3F1E06129500D18DCA /* SetInitialStatus.h */ = {isa = PBXFileReference; fileEncoding = 4; lastKnownFileType = sourcecode.c.h; path = SetInitialStatus.h; sourceTree = "<group>"; };
		E20A8D401E06129600D18DCA /* SetInitialStatus.m */ = {isa = PBXFileReference; fileEncoding = 4; lastKnownFileType = sourcecode.c.objc; path = SetInitialStatus.m; sourceTree = "<group>"; };
		E20A8D421E0627FA00D18DCA /* WaterTemperatureAlertTableViewController.h */ = {isa = PBXFileReference; fileEncoding = 4; lastKnownFileType = sourcecode.c.h; path = WaterTemperatureAlertTableViewController.h; sourceTree = "<group>"; };
		E20A8D431E0627FA00D18DCA /* WaterTemperatureAlertTableViewController.m */ = {isa = PBXFileReference; fileEncoding = 4; lastKnownFileType = sourcecode.c.objc; path = WaterTemperatureAlertTableViewController.m; sourceTree = "<group>"; };
		E21195631E2D747C0005F728 /* MenuViewController.h */ = {isa = PBXFileReference; fileEncoding = 4; lastKnownFileType = sourcecode.c.h; path = MenuViewController.h; sourceTree = "<group>"; };
		E21195641E2D747C0005F728 /* MenuViewController.m */ = {isa = PBXFileReference; fileEncoding = 4; lastKnownFileType = sourcecode.c.objc; path = MenuViewController.m; sourceTree = "<group>"; };
		E21210771DD66DE2002B4ED5 /* LoginViewController.h */ = {isa = PBXFileReference; fileEncoding = 4; lastKnownFileType = sourcecode.c.h; path = LoginViewController.h; sourceTree = "<group>"; };
		E21210781DD66DE2002B4ED5 /* LoginViewController.m */ = {isa = PBXFileReference; fileEncoding = 4; lastKnownFileType = sourcecode.c.objc; path = LoginViewController.m; sourceTree = "<group>"; };
		E212107A1DD66E56002B4ED5 /* RegisterViewController.h */ = {isa = PBXFileReference; fileEncoding = 4; lastKnownFileType = sourcecode.c.h; path = RegisterViewController.h; sourceTree = "<group>"; };
		E212107B1DD66E56002B4ED5 /* RegisterViewController.m */ = {isa = PBXFileReference; fileEncoding = 4; lastKnownFileType = sourcecode.c.objc; path = RegisterViewController.m; sourceTree = "<group>"; };
		E2159B241E11C45000E505E3 /* HUDViewController.h */ = {isa = PBXFileReference; fileEncoding = 4; lastKnownFileType = sourcecode.c.h; path = HUDViewController.h; sourceTree = "<group>"; };
		E2159B251E11C45000E505E3 /* HUDViewController.m */ = {isa = PBXFileReference; fileEncoding = 4; lastKnownFileType = sourcecode.c.objc; path = HUDViewController.m; sourceTree = "<group>"; };
		E21B33CC1DF77D6C00BE2B8A /* AccountTableViewController.h */ = {isa = PBXFileReference; fileEncoding = 4; lastKnownFileType = sourcecode.c.h; path = AccountTableViewController.h; sourceTree = "<group>"; };
		E21B33CD1DF77D6C00BE2B8A /* AccountTableViewController.m */ = {isa = PBXFileReference; fileEncoding = 4; lastKnownFileType = sourcecode.c.objc; path = AccountTableViewController.m; sourceTree = "<group>"; };
		E21D27651DCE6A62001EAD26 /* WebKit.framework */ = {isa = PBXFileReference; lastKnownFileType = wrapper.framework; name = WebKit.framework; path = System/Library/Frameworks/WebKit.framework; sourceTree = SDKROOT; };
		E223A7671E8E08B300E9E292 /* faultcode.rtf */ = {isa = PBXFileReference; fileEncoding = 4; lastKnownFileType = text.rtf; path = faultcode.rtf; sourceTree = "<group>"; };
		E224698F1DF86EC200A4C207 /* ResetPasswordViewController.h */ = {isa = PBXFileReference; fileEncoding = 4; lastKnownFileType = sourcecode.c.h; path = ResetPasswordViewController.h; sourceTree = "<group>"; };
		E22469901DF86EC200A4C207 /* ResetPasswordViewController.m */ = {isa = PBXFileReference; fileEncoding = 4; lastKnownFileType = sourcecode.c.objc; path = ResetPasswordViewController.m; sourceTree = "<group>"; };
		E244C9DD1DCA6E9200D0776B /* Reachability.h */ = {isa = PBXFileReference; fileEncoding = 4; lastKnownFileType = sourcecode.c.h; name = Reachability.h; path = Reachability/Reachability/Reachability.h; sourceTree = SOURCE_ROOT; };
		E244C9DE1DCA6E9200D0776B /* Reachability.m */ = {isa = PBXFileReference; fileEncoding = 4; lastKnownFileType = sourcecode.c.objc; name = Reachability.m; path = Reachability/Reachability/Reachability.m; sourceTree = SOURCE_ROOT; };
		E2494A281E01AC4400343E21 /* AlertTableViewCell.h */ = {isa = PBXFileReference; fileEncoding = 4; lastKnownFileType = sourcecode.c.h; path = AlertTableViewCell.h; sourceTree = "<group>"; };
		E2494A291E01AC4400343E21 /* AlertTableViewCell.m */ = {isa = PBXFileReference; fileEncoding = 4; lastKnownFileType = sourcecode.c.objc; path = AlertTableViewCell.m; sourceTree = "<group>"; };
		E2494A3A1E01F5CF00343E21 /* TiredDrivingAlertTableViewController.h */ = {isa = PBXFileReference; fileEncoding = 4; lastKnownFileType = sourcecode.c.h; path = TiredDrivingAlertTableViewController.h; sourceTree = "<group>"; };
		E2494A3B1E01F5CF00343E21 /* TiredDrivingAlertTableViewController.m */ = {isa = PBXFileReference; fileEncoding = 4; lastKnownFileType = sourcecode.c.objc; path = TiredDrivingAlertTableViewController.m; sourceTree = "<group>"; };
		E25981FD1D89EC5D00C07236 /* RidingMechanic.app */ = {isa = PBXFileReference; explicitFileType = wrapper.application; includeInIndex = 0; path = RidingMechanic.app; sourceTree = BUILT_PRODUCTS_DIR; };
		E25982011D89EC5D00C07236 /* main.m */ = {isa = PBXFileReference; lastKnownFileType = sourcecode.c.objc; path = main.m; sourceTree = "<group>"; };
		E25982031D89EC5D00C07236 /* AppDelegate.h */ = {isa = PBXFileReference; lastKnownFileType = sourcecode.c.h; path = AppDelegate.h; sourceTree = "<group>"; };
		E25982041D89EC5D00C07236 /* AppDelegate.m */ = {isa = PBXFileReference; lastKnownFileType = sourcecode.c.objc; path = AppDelegate.m; sourceTree = "<group>"; };
		E259820F1D89EC5D00C07236 /* Assets.xcassets */ = {isa = PBXFileReference; lastKnownFileType = folder.assetcatalog; path = Assets.xcassets; sourceTree = "<group>"; };
		E25982141D89EC5D00C07236 /* Info.plist */ = {isa = PBXFileReference; lastKnownFileType = text.plist.xml; path = Info.plist; sourceTree = "<group>"; };
		E25982191D89EC5D00C07236 /* RidingMechanicTests.xctest */ = {isa = PBXFileReference; explicitFileType = wrapper.cfbundle; includeInIndex = 0; path = RidingMechanicTests.xctest; sourceTree = BUILT_PRODUCTS_DIR; };
		E259821D1D89EC5D00C07236 /* RidingMechanicTests.m */ = {isa = PBXFileReference; lastKnownFileType = sourcecode.c.objc; path = RidingMechanicTests.m; sourceTree = "<group>"; };
		E259821F1D89EC5D00C07236 /* Info.plist */ = {isa = PBXFileReference; lastKnownFileType = text.plist.xml; path = Info.plist; sourceTree = "<group>"; };
		E25982241D89EC5D00C07236 /* RidingMechanicUITests.xctest */ = {isa = PBXFileReference; explicitFileType = wrapper.cfbundle; includeInIndex = 0; path = RidingMechanicUITests.xctest; sourceTree = BUILT_PRODUCTS_DIR; };
		E25982281D89EC5D00C07236 /* RidingMechanicUITests.m */ = {isa = PBXFileReference; lastKnownFileType = sourcecode.c.objc; path = RidingMechanicUITests.m; sourceTree = "<group>"; };
		E259822A1D89EC5D00C07236 /* Info.plist */ = {isa = PBXFileReference; lastKnownFileType = text.plist.xml; path = Info.plist; sourceTree = "<group>"; };
		E25D1B1D1E8C5A510053039B /* HealthScanViewController.h */ = {isa = PBXFileReference; fileEncoding = 4; lastKnownFileType = sourcecode.c.h; path = HealthScanViewController.h; sourceTree = "<group>"; };
		E25D1B1E1E8C5A510053039B /* HealthScanViewController.m */ = {isa = PBXFileReference; fileEncoding = 4; lastKnownFileType = sourcecode.c.objc; path = HealthScanViewController.m; sourceTree = "<group>"; };
		E270DC3C1E00F87400A40DC8 /* AlertTableViewController.h */ = {isa = PBXFileReference; fileEncoding = 4; lastKnownFileType = sourcecode.c.h; path = AlertTableViewController.h; sourceTree = "<group>"; };
		E270DC3D1E00F87400A40DC8 /* AlertTableViewController.m */ = {isa = PBXFileReference; fileEncoding = 4; lastKnownFileType = sourcecode.c.objc; path = AlertTableViewController.m; sourceTree = "<group>"; };
		E270DC3F1E010B4300A40DC8 /* SpeedAlertTableViewController.h */ = {isa = PBXFileReference; fileEncoding = 4; lastKnownFileType = sourcecode.c.h; path = SpeedAlertTableViewController.h; sourceTree = "<group>"; };
		E270DC401E010B4300A40DC8 /* SpeedAlertTableViewController.m */ = {isa = PBXFileReference; fileEncoding = 4; lastKnownFileType = sourcecode.c.objc; path = SpeedAlertTableViewController.m; sourceTree = "<group>"; };
		E27B749E1E5D384700FE5E54 /* RecvMessageAnalysis.h */ = {isa = PBXFileReference; fileEncoding = 4; lastKnownFileType = sourcecode.c.h; path = RecvMessageAnalysis.h; sourceTree = "<group>"; };
		E27B749F1E5D384700FE5E54 /* RecvMessageAnalysis.m */ = {isa = PBXFileReference; fileEncoding = 4; lastKnownFileType = sourcecode.c.objc; path = RecvMessageAnalysis.m; sourceTree = "<group>"; };
		E27B74A41E5D3A1E00FE5E54 /* Session.h */ = {isa = PBXFileReference; fileEncoding = 4; lastKnownFileType = sourcecode.c.h; path = Session.h; sourceTree = "<group>"; };
		E27B74A51E5D3A1E00FE5E54 /* Session.m */ = {isa = PBXFileReference; fileEncoding = 4; lastKnownFileType = sourcecode.c.objc; path = Session.m; sourceTree = "<group>"; };
		E28ACCDE1DAD4389008C0E59 /* Main.storyboard */ = {isa = PBXFileReference; fileEncoding = 4; lastKnownFileType = file.storyboard; path = Main.storyboard; sourceTree = "<group>"; };
		E29AAB6C1E847A4B00330763 /* AnalysisViewController.h */ = {isa = PBXFileReference; fileEncoding = 4; lastKnownFileType = sourcecode.c.h; path = AnalysisViewController.h; sourceTree = "<group>"; };
		E29AAB6D1E847A4B00330763 /* AnalysisViewController.m */ = {isa = PBXFileReference; fileEncoding = 4; lastKnownFileType = sourcecode.c.objc; path = AnalysisViewController.m; sourceTree = "<group>"; };
		E29B3BA71E6FC90E00EC0D71 /* SendCommand.h */ = {isa = PBXFileReference; fileEncoding = 4; lastKnownFileType = sourcecode.c.h; path = SendCommand.h; sourceTree = "<group>"; };
		E29B3BA81E6FC90E00EC0D71 /* SendCommand.m */ = {isa = PBXFileReference; fileEncoding = 4; lastKnownFileType = sourcecode.c.objc; path = SendCommand.m; sourceTree = "<group>"; };
		E2A004311DECF24500FCC18E /* CarModelViewController.h */ = {isa = PBXFileReference; fileEncoding = 4; lastKnownFileType = sourcecode.c.h; path = CarModelViewController.h; sourceTree = "<group>"; };
		E2A004321DECF24500FCC18E /* CarModelViewController.m */ = {isa = PBXFileReference; fileEncoding = 4; lastKnownFileType = sourcecode.c.objc; path = CarModelViewController.m; sourceTree = "<group>"; };
		E2A004401DEE6FC900FCC18E /* SettingsTableViewController.h */ = {isa = PBXFileReference; fileEncoding = 4; lastKnownFileType = sourcecode.c.h; path = SettingsTableViewController.h; sourceTree = "<group>"; };
		E2A004411DEE6FC900FCC18E /* SettingsTableViewController.m */ = {isa = PBXFileReference; fileEncoding = 4; lastKnownFileType = sourcecode.c.objc; path = SettingsTableViewController.m; sourceTree = "<group>"; };
		E2BC6C9C1DC6915A000A2E49 /* SystemConfiguration.framework */ = {isa = PBXFileReference; lastKnownFileType = wrapper.framework; name = SystemConfiguration.framework; path = System/Library/Frameworks/SystemConfiguration.framework; sourceTree = SDKROOT; };
		E2C87D9F1DFA073F000E76FA /* Base.lproj */ = {isa = PBXFileReference; lastKnownFileType = folder; name = Base.lproj; path = RidingMechanicTests/Base.lproj; sourceTree = SOURCE_ROOT; };
		E2E36B291DC2950A0086FB8A /* ConnectionViewController.h */ = {isa = PBXFileReference; fileEncoding = 4; lastKnownFileType = sourcecode.c.h; path = ConnectionViewController.h; sourceTree = "<group>"; };
		E2E36B2A1DC2950A0086FB8A /* ConnectionViewController.m */ = {isa = PBXFileReference; fileEncoding = 4; lastKnownFileType = sourcecode.c.objc; path = ConnectionViewController.m; sourceTree = "<group>"; };
		E2F0004C1DFA161300B58506 /* Database.xcdatamodel */ = {isa = PBXFileReference; lastKnownFileType = wrapper.xcdatamodel; path = Database.xcdatamodel; sourceTree = "<group>"; };
		E2FA78861DD2AE38006E730A /* RestAPI.h */ = {isa = PBXFileReference; fileEncoding = 4; lastKnownFileType = sourcecode.c.h; path = RestAPI.h; sourceTree = "<group>"; };
		E2FA78871DD2AE38006E730A /* RestAPI.m */ = {isa = PBXFileReference; fileEncoding = 4; lastKnownFileType = sourcecode.c.objc; path = RestAPI.m; sourceTree = "<group>"; };
		F37B068098E7E2B5A443ACE7 /* Pods-RidingMechanic.release.xcconfig */ = {isa = PBXFileReference; includeInIndex = 1; lastKnownFileType = text.xcconfig; name = "Pods-RidingMechanic.release.xcconfig"; path = "Pods/Target Support Files/Pods-RidingMechanic/Pods-RidingMechanic.release.xcconfig"; sourceTree = "<group>"; };
/* End PBXFileReference section */

/* Begin PBXFrameworksBuildPhase section */
		E25981FA1D89EC5D00C07236 /* Frameworks */ = {
			isa = PBXFrameworksBuildPhase;
			buildActionMask = 2147483647;
			files = (
				E209004C1DF6509900798A32 /* WebKit.framework in Frameworks */,
				E2BC6C9D1DC6915A000A2E49 /* SystemConfiguration.framework in Frameworks */,
				D56B0481EEF0C5F657691130 /* libPods-RidingMechanic.a in Frameworks */,
			);
			runOnlyForDeploymentPostprocessing = 0;
		};
		E25982161D89EC5D00C07236 /* Frameworks */ = {
			isa = PBXFrameworksBuildPhase;
			buildActionMask = 2147483647;
			files = (
			);
			runOnlyForDeploymentPostprocessing = 0;
		};
		E25982211D89EC5D00C07236 /* Frameworks */ = {
			isa = PBXFrameworksBuildPhase;
			buildActionMask = 2147483647;
			files = (
			);
			runOnlyForDeploymentPostprocessing = 0;
		};
/* End PBXFrameworksBuildPhase section */

/* Begin PBXGroup section */
		8D0300541CE19D1AABBD2FF3 /* Pods */ = {
			isa = PBXGroup;
			children = (
				B7B5E49D617F7A179FE8DB55 /* Pods-RidingMechanic.debug.xcconfig */,
				F37B068098E7E2B5A443ACE7 /* Pods-RidingMechanic.release.xcconfig */,
			);
			name = Pods;
			sourceTree = "<group>";
		};
		E21B33D01DF784AA00BE2B8A /* CarModel Screen */ = {
			isa = PBXGroup;
			children = (
				E2159B241E11C45000E505E3 /* HUDViewController.h */,
				E2159B251E11C45000E505E3 /* HUDViewController.m */,
				E2A004311DECF24500FCC18E /* CarModelViewController.h */,
				E2A004321DECF24500FCC18E /* CarModelViewController.m */,
				E2E36B291DC2950A0086FB8A /* ConnectionViewController.h */,
				E2E36B2A1DC2950A0086FB8A /* ConnectionViewController.m */,
				E21195631E2D747C0005F728 /* MenuViewController.h */,
				E21195641E2D747C0005F728 /* MenuViewController.m */,
			);
			name = "CarModel Screen";
			sourceTree = "<group>";
		};
		E21B33D31DF7851200BE2B8A /* More Screen */ = {
			isa = PBXGroup;
			children = (
				E2A004401DEE6FC900FCC18E /* SettingsTableViewController.h */,
				E2A004411DEE6FC900FCC18E /* SettingsTableViewController.m */,
				E270DC3C1E00F87400A40DC8 /* AlertTableViewController.h */,
				E270DC3D1E00F87400A40DC8 /* AlertTableViewController.m */,
				E270DC3F1E010B4300A40DC8 /* SpeedAlertTableViewController.h */,
				E270DC401E010B4300A40DC8 /* SpeedAlertTableViewController.m */,
				E2494A3A1E01F5CF00343E21 /* TiredDrivingAlertTableViewController.h */,
				E2494A3B1E01F5CF00343E21 /* TiredDrivingAlertTableViewController.m */,
				E20A8D421E0627FA00D18DCA /* WaterTemperatureAlertTableViewController.h */,
				E20A8D431E0627FA00D18DCA /* WaterTemperatureAlertTableViewController.m */,
				E21B33CC1DF77D6C00BE2B8A /* AccountTableViewController.h */,
				E21B33CD1DF77D6C00BE2B8A /* AccountTableViewController.m */,
				E224698F1DF86EC200A4C207 /* ResetPasswordViewController.h */,
				E22469901DF86EC200A4C207 /* ResetPasswordViewController.m */,
				E2494A281E01AC4400343E21 /* AlertTableViewCell.h */,
				E2494A291E01AC4400343E21 /* AlertTableViewCell.m */,
			);
			name = "More Screen";
			sourceTree = "<group>";
		};
		E25981F41D89EC5D00C07236 = {
			isa = PBXGroup;
			children = (
				E25981FF1D89EC5D00C07236 /* RidingMechanic */,
				E259821C1D89EC5D00C07236 /* RidingMechanicTests */,
				E25982271D89EC5D00C07236 /* RidingMechanicUITests */,
				E25981FE1D89EC5D00C07236 /* Products */,
				E2BC6C9B1DC6915A000A2E49 /* Frameworks */,
				8D0300541CE19D1AABBD2FF3 /* Pods */,
			);
			sourceTree = "<group>";
		};
		E25981FE1D89EC5D00C07236 /* Products */ = {
			isa = PBXGroup;
			children = (
				E25981FD1D89EC5D00C07236 /* RidingMechanic.app */,
				E25982191D89EC5D00C07236 /* RidingMechanicTests.xctest */,
				E25982241D89EC5D00C07236 /* RidingMechanicUITests.xctest */,
			);
			name = Products;
			sourceTree = "<group>";
		};
		E25981FF1D89EC5D00C07236 /* RidingMechanic */ = {
			isa = PBXGroup;
			children = (
				E223A7671E8E08B300E9E292 /* faultcode.rtf */,
				E25D1B1A1E8C5A080053039B /* ScanScreen */,
				E27B749A1E5D376900FE5E54 /* SensorConnection */,
				E259CC751DFA00340018F9F2 /* Model */,
				E25982031D89EC5D00C07236 /* AppDelegate.h */,
				E25982041D89EC5D00C07236 /* AppDelegate.m */,
				E20A8D3F1E06129500D18DCA /* SetInitialStatus.h */,
				E20A8D401E06129600D18DCA /* SetInitialStatus.m */,
				E2FA78861DD2AE38006E730A /* RestAPI.h */,
				E2FA78871DD2AE38006E730A /* RestAPI.m */,
				E21210771DD66DE2002B4ED5 /* LoginViewController.h */,
				E21210781DD66DE2002B4ED5 /* LoginViewController.m */,
				E212107A1DD66E56002B4ED5 /* RegisterViewController.h */,
				E212107B1DD66E56002B4ED5 /* RegisterViewController.m */,
				E21B33D01DF784AA00BE2B8A /* CarModel Screen */,
				E29AAB6B1E8479D500330763 /* AnalysisScreen */,
				E21B33D31DF7851200BE2B8A /* More Screen */,
				E259820F1D89EC5D00C07236 /* Assets.xcassets */,
				E28ACCDE1DAD4389008C0E59 /* Main.storyboard */,
				E2C87D9F1DFA073F000E76FA /* Base.lproj */,
				E25982141D89EC5D00C07236 /* Info.plist */,
				E25982001D89EC5D00C07236 /* Supporting Files */,
			);
			path = RidingMechanic;
			sourceTree = "<group>";
		};
		E25982001D89EC5D00C07236 /* Supporting Files */ = {
			isa = PBXGroup;
			children = (
				E244C9DD1DCA6E9200D0776B /* Reachability.h */,
				E244C9DE1DCA6E9200D0776B /* Reachability.m */,
				E25982011D89EC5D00C07236 /* main.m */,
			);
			name = "Supporting Files";
			sourceTree = "<group>";
		};
		E259821C1D89EC5D00C07236 /* RidingMechanicTests */ = {
			isa = PBXGroup;
			children = (
				E259821D1D89EC5D00C07236 /* RidingMechanicTests.m */,
				E259821F1D89EC5D00C07236 /* Info.plist */,
			);
			path = RidingMechanicTests;
			sourceTree = "<group>";
		};
		E25982271D89EC5D00C07236 /* RidingMechanicUITests */ = {
			isa = PBXGroup;
			children = (
				E25982281D89EC5D00C07236 /* RidingMechanicUITests.m */,
				E259822A1D89EC5D00C07236 /* Info.plist */,
			);
			path = RidingMechanicUITests;
			sourceTree = "<group>";
		};
		E259CC751DFA00340018F9F2 /* Model */ = {
			isa = PBXGroup;
			children = (
				E2F0004B1DFA161300B58506 /* Database.xcdatamodeld */,
			);
			name = Model;
			sourceTree = "<group>";
		};
		E25D1B1A1E8C5A080053039B /* ScanScreen */ = {
			isa = PBXGroup;
			children = (
				E25D1B1D1E8C5A510053039B /* HealthScanViewController.h */,
				E25D1B1E1E8C5A510053039B /* HealthScanViewController.m */,
			);
			name = ScanScreen;
			sourceTree = "<group>";
		};
		E27B749A1E5D376900FE5E54 /* SensorConnection */ = {
			isa = PBXGroup;
			children = (
				E29B3BA71E6FC90E00EC0D71 /* SendCommand.h */,
				E29B3BA81E6FC90E00EC0D71 /* SendCommand.m */,
				E27B749E1E5D384700FE5E54 /* RecvMessageAnalysis.h */,
				E27B749F1E5D384700FE5E54 /* RecvMessageAnalysis.m */,
				E27B74A41E5D3A1E00FE5E54 /* Session.h */,
				E27B74A51E5D3A1E00FE5E54 /* Session.m */,
			);
			name = SensorConnection;
			sourceTree = "<group>";
		};
		E29AAB6B1E8479D500330763 /* AnalysisScreen */ = {
			isa = PBXGroup;
			children = (
				E29AAB6C1E847A4B00330763 /* AnalysisViewController.h */,
				E29AAB6D1E847A4B00330763 /* AnalysisViewController.m */,
			);
			name = AnalysisScreen;
			sourceTree = "<group>";
		};
		E2BC6C9B1DC6915A000A2E49 /* Frameworks */ = {
			isa = PBXGroup;
			children = (
				E21D27651DCE6A62001EAD26 /* WebKit.framework */,
				E2BC6C9C1DC6915A000A2E49 /* SystemConfiguration.framework */,
				5E552620A5EB38BB9F54948E /* libPods-RidingMechanic.a */,
			);
			name = Frameworks;
			sourceTree = "<group>";
		};
/* End PBXGroup section */

/* Begin PBXNativeTarget section */
		E25981FC1D89EC5D00C07236 /* RidingMechanic */ = {
			isa = PBXNativeTarget;
			buildConfigurationList = E259822D1D89EC5D00C07236 /* Build configuration list for PBXNativeTarget "RidingMechanic" */;
			buildPhases = (
				245EA1ADDFAECA68A138410A /* [CP] Check Pods Manifest.lock */,
				E25981F91D89EC5D00C07236 /* Sources */,
				E25981FA1D89EC5D00C07236 /* Frameworks */,
				E25981FB1D89EC5D00C07236 /* Resources */,
				ED4F3FDC290E2A359238F24D /* [CP] Embed Pods Frameworks */,
				13D485C531289D23DCFAF344 /* [CP] Copy Pods Resources */,
			);
			buildRules = (
			);
			dependencies = (
			);
			name = RidingMechanic;
			productName = RidingMechanic;
			productReference = E25981FD1D89EC5D00C07236 /* RidingMechanic.app */;
			productType = "com.apple.product-type.application";
		};
		E25982181D89EC5D00C07236 /* RidingMechanicTests */ = {
			isa = PBXNativeTarget;
			buildConfigurationList = E25982301D89EC5D00C07236 /* Build configuration list for PBXNativeTarget "RidingMechanicTests" */;
			buildPhases = (
				E25982151D89EC5D00C07236 /* Sources */,
				E25982161D89EC5D00C07236 /* Frameworks */,
				E25982171D89EC5D00C07236 /* Resources */,
			);
			buildRules = (
			);
			dependencies = (
				E259821B1D89EC5D00C07236 /* PBXTargetDependency */,
			);
			name = RidingMechanicTests;
			productName = RidingMechanicTests;
			productReference = E25982191D89EC5D00C07236 /* RidingMechanicTests.xctest */;
			productType = "com.apple.product-type.bundle.unit-test";
		};
		E25982231D89EC5D00C07236 /* RidingMechanicUITests */ = {
			isa = PBXNativeTarget;
			buildConfigurationList = E25982331D89EC5D00C07236 /* Build configuration list for PBXNativeTarget "RidingMechanicUITests" */;
			buildPhases = (
				E25982201D89EC5D00C07236 /* Sources */,
				E25982211D89EC5D00C07236 /* Frameworks */,
				E25982221D89EC5D00C07236 /* Resources */,
			);
			buildRules = (
			);
			dependencies = (
				E25982261D89EC5D00C07236 /* PBXTargetDependency */,
			);
			name = RidingMechanicUITests;
			productName = RidingMechanicUITests;
			productReference = E25982241D89EC5D00C07236 /* RidingMechanicUITests.xctest */;
			productType = "com.apple.product-type.bundle.ui-testing";
		};
/* End PBXNativeTarget section */

/* Begin PBXProject section */
		E25981F51D89EC5D00C07236 /* Project object */ = {
			isa = PBXProject;
			attributes = {
				LastUpgradeCheck = 0800;
				ORGANIZATIONNAME = "Dezheng Wang";
				TargetAttributes = {
					E25981FC1D89EC5D00C07236 = {
						CreatedOnToolsVersion = 7.2.1;
						DevelopmentTeam = LWU597X333;
					};
					E25982181D89EC5D00C07236 = {
						CreatedOnToolsVersion = 7.2.1;
						TestTargetID = E25981FC1D89EC5D00C07236;
					};
					E25982231D89EC5D00C07236 = {
						CreatedOnToolsVersion = 7.2.1;
						TestTargetID = E25981FC1D89EC5D00C07236;
					};
				};
			};
			buildConfigurationList = E25981F81D89EC5D00C07236 /* Build configuration list for PBXProject "RidingMechanic" */;
			compatibilityVersion = "Xcode 3.2";
			developmentRegion = English;
			hasScannedForEncodings = 0;
			knownRegions = (
				en,
				Base,
			);
			mainGroup = E25981F41D89EC5D00C07236;
			productRefGroup = E25981FE1D89EC5D00C07236 /* Products */;
			projectDirPath = "";
			projectRoot = "";
			targets = (
				E25981FC1D89EC5D00C07236 /* RidingMechanic */,
				E25982181D89EC5D00C07236 /* RidingMechanicTests */,
				E25982231D89EC5D00C07236 /* RidingMechanicUITests */,
			);
		};
/* End PBXProject section */

/* Begin PBXResourcesBuildPhase section */
		E25981FB1D89EC5D00C07236 /* Resources */ = {
			isa = PBXResourcesBuildPhase;
			buildActionMask = 2147483647;
			files = (
				E223A7681E8E08B300E9E292 /* faultcode.rtf in Resources */,
				E28ACCDF1DAD4389008C0E59 /* Main.storyboard in Resources */,
				E25982101D89EC5D00C07236 /* Assets.xcassets in Resources */,
			);
			runOnlyForDeploymentPostprocessing = 0;
		};
		E25982171D89EC5D00C07236 /* Resources */ = {
			isa = PBXResourcesBuildPhase;
			buildActionMask = 2147483647;
			files = (
				E2C87DA01DFA073F000E76FA /* Base.lproj in Resources */,
			);
			runOnlyForDeploymentPostprocessing = 0;
		};
		E25982221D89EC5D00C07236 /* Resources */ = {
			isa = PBXResourcesBuildPhase;
			buildActionMask = 2147483647;
			files = (
			);
			runOnlyForDeploymentPostprocessing = 0;
		};
/* End PBXResourcesBuildPhase section */

/* Begin PBXShellScriptBuildPhase section */
		13D485C531289D23DCFAF344 /* [CP] Copy Pods Resources */ = {
			isa = PBXShellScriptBuildPhase;
			buildActionMask = 2147483647;
			files = (
			);
			inputPaths = (
			);
			name = "[CP] Copy Pods Resources";
			outputPaths = (
			);
			runOnlyForDeploymentPostprocessing = 0;
			shellPath = /bin/sh;
			shellScript = "\"${SRCROOT}/Pods/Target Support Files/Pods-RidingMechanic/Pods-RidingMechanic-resources.sh\"\n";
			showEnvVarsInLog = 0;
		};
		245EA1ADDFAECA68A138410A /* [CP] Check Pods Manifest.lock */ = {
			isa = PBXShellScriptBuildPhase;
			buildActionMask = 2147483647;
			files = (
			);
			inputPaths = (
			);
			name = "[CP] Check Pods Manifest.lock";
			outputPaths = (
			);
			runOnlyForDeploymentPostprocessing = 0;
			shellPath = /bin/sh;
			shellScript = "diff \"${PODS_ROOT}/../Podfile.lock\" \"${PODS_ROOT}/Manifest.lock\" > /dev/null\nif [ $? != 0 ] ; then\n    # print error to STDERR\n    echo \"error: The sandbox is not in sync with the Podfile.lock. Run 'pod install' or update your CocoaPods installation.\" >&2\n    exit 1\nfi\n";
			showEnvVarsInLog = 0;
		};
		ED4F3FDC290E2A359238F24D /* [CP] Embed Pods Frameworks */ = {
			isa = PBXShellScriptBuildPhase;
			buildActionMask = 2147483647;
			files = (
			);
			inputPaths = (
			);
			name = "[CP] Embed Pods Frameworks";
			outputPaths = (
			);
			runOnlyForDeploymentPostprocessing = 0;
			shellPath = /bin/sh;
			shellScript = "\"${SRCROOT}/Pods/Target Support Files/Pods-RidingMechanic/Pods-RidingMechanic-frameworks.sh\"\n";
			showEnvVarsInLog = 0;
		};
/* End PBXShellScriptBuildPhase section */

/* Begin PBXSourcesBuildPhase section */
		E25981F91D89EC5D00C07236 /* Sources */ = {
			isa = PBXSourcesBuildPhase;
			buildActionMask = 2147483647;
			files = (
				E2159B261E11C45000E505E3 /* HUDViewController.m in Sources */,
				E2F000501DFA192100B58506 /* Database.xcdatamodeld in Sources */,
				E20A8D441E0627FA00D18DCA /* WaterTemperatureAlertTableViewController.m in Sources */,
				E21210791DD66DE2002B4ED5 /* LoginViewController.m in Sources */,
				E22469911DF86EC200A4C207 /* ResetPasswordViewController.m in Sources */,
				E2FA78881DD2AE38006E730A /* RestAPI.m in Sources */,
				E20A8D411E06129600D18DCA /* SetInitialStatus.m in Sources */,
				E2A004351DECF24600FCC18E /* CarModelViewController.m in Sources */,
				E2494A2B1E01AC4400343E21 /* AlertTableViewCell.m in Sources */,
				E21B33CE1DF77D6C00BE2B8A /* AccountTableViewController.m in Sources */,
				E244C9DF1DCA6E9200D0776B /* Reachability.m in Sources */,
				E270DC3E1E00F87400A40DC8 /* AlertTableViewController.m in Sources */,
				E270DC411E010B4300A40DC8 /* SpeedAlertTableViewController.m in Sources */,
				E25982051D89EC5D00C07236 /* AppDelegate.m in Sources */,
				E29AAB6E1E847A4B00330763 /* AnalysisViewController.m in Sources */,
				E2494A3C1E01F5CF00343E21 /* TiredDrivingAlertTableViewController.m in Sources */,
				E25D1B1F1E8C5A510053039B /* HealthScanViewController.m in Sources */,
				E29B3BA91E6FC90E00EC0D71 /* SendCommand.m in Sources */,
				E2A004421DEE6FC900FCC18E /* SettingsTableViewController.m in Sources */,
				E2E36B2B1DC2950A0086FB8A /* ConnectionViewController.m in Sources */,
				E25982021D89EC5D00C07236 /* main.m in Sources */,
				E212107C1DD66E56002B4ED5 /* RegisterViewController.m in Sources */,
				E27B74A61E5D3A1E00FE5E54 /* Session.m in Sources */,
				E21195651E2D747C0005F728 /* MenuViewController.m in Sources */,
				E27B74A01E5D384700FE5E54 /* RecvMessageAnalysis.m in Sources */,
			);
			runOnlyForDeploymentPostprocessing = 0;
		};
		E25982151D89EC5D00C07236 /* Sources */ = {
			isa = PBXSourcesBuildPhase;
			buildActionMask = 2147483647;
			files = (
				E259821E1D89EC5D00C07236 /* RidingMechanicTests.m in Sources */,
			);
			runOnlyForDeploymentPostprocessing = 0;
		};
		E25982201D89EC5D00C07236 /* Sources */ = {
			isa = PBXSourcesBuildPhase;
			buildActionMask = 2147483647;
			files = (
				E25982291D89EC5D00C07236 /* RidingMechanicUITests.m in Sources */,
			);
			runOnlyForDeploymentPostprocessing = 0;
		};
/* End PBXSourcesBuildPhase section */

/* Begin PBXTargetDependency section */
		E259821B1D89EC5D00C07236 /* PBXTargetDependency */ = {
			isa = PBXTargetDependency;
			target = E25981FC1D89EC5D00C07236 /* RidingMechanic */;
			targetProxy = E259821A1D89EC5D00C07236 /* PBXContainerItemProxy */;
		};
		E25982261D89EC5D00C07236 /* PBXTargetDependency */ = {
			isa = PBXTargetDependency;
			target = E25981FC1D89EC5D00C07236 /* RidingMechanic */;
			targetProxy = E25982251D89EC5D00C07236 /* PBXContainerItemProxy */;
		};
/* End PBXTargetDependency section */

/* Begin XCBuildConfiguration section */
		E259822B1D89EC5D00C07236 /* Debug */ = {
			isa = XCBuildConfiguration;
			buildSettings = {
				ALWAYS_SEARCH_USER_PATHS = NO;
				CLANG_CXX_LANGUAGE_STANDARD = "gnu++0x";
				CLANG_CXX_LIBRARY = "libc++";
				CLANG_ENABLE_MODULES = YES;
				CLANG_ENABLE_OBJC_ARC = YES;
				CLANG_WARN_BOOL_CONVERSION = YES;
				CLANG_WARN_CONSTANT_CONVERSION = YES;
				CLANG_WARN_DIRECT_OBJC_ISA_USAGE = YES_ERROR;
				CLANG_WARN_EMPTY_BODY = YES;
				CLANG_WARN_ENUM_CONVERSION = YES;
				CLANG_WARN_INFINITE_RECURSION = YES;
				CLANG_WARN_INT_CONVERSION = YES;
				CLANG_WARN_OBJC_ROOT_CLASS = YES_ERROR;
				CLANG_WARN_SUSPICIOUS_MOVE = YES;
				CLANG_WARN_UNREACHABLE_CODE = YES;
				CLANG_WARN__DUPLICATE_METHOD_MATCH = YES;
				"CODE_SIGN_IDENTITY[sdk=iphoneos*]" = "iPhone Developer";
				COPY_PHASE_STRIP = NO;
				DEBUG_INFORMATION_FORMAT = dwarf;
				ENABLE_STRICT_OBJC_MSGSEND = YES;
				ENABLE_TESTABILITY = YES;
				GCC_C_LANGUAGE_STANDARD = gnu99;
				GCC_DYNAMIC_NO_PIC = NO;
				GCC_NO_COMMON_BLOCKS = YES;
				GCC_OPTIMIZATION_LEVEL = 0;
				GCC_PREPROCESSOR_DEFINITIONS = (
					"DEBUG=1",
					"$(inherited)",
				);
				GCC_WARN_64_TO_32_BIT_CONVERSION = YES;
				GCC_WARN_ABOUT_RETURN_TYPE = YES_ERROR;
				GCC_WARN_UNDECLARED_SELECTOR = YES;
				GCC_WARN_UNINITIALIZED_AUTOS = YES_AGGRESSIVE;
				GCC_WARN_UNUSED_FUNCTION = YES;
				GCC_WARN_UNUSED_VARIABLE = YES;
				IPHONEOS_DEPLOYMENT_TARGET = 9.2;
				MTL_ENABLE_DEBUG_INFO = YES;
				ONLY_ACTIVE_ARCH = YES;
				SDKROOT = iphoneos;
				TARGETED_DEVICE_FAMILY = "1,2";
			};
			name = Debug;
		};
		E259822C1D89EC5D00C07236 /* Release */ = {
			isa = XCBuildConfiguration;
			buildSettings = {
				ALWAYS_SEARCH_USER_PATHS = NO;
				CLANG_CXX_LANGUAGE_STANDARD = "gnu++0x";
				CLANG_CXX_LIBRARY = "libc++";
				CLANG_ENABLE_MODULES = YES;
				CLANG_ENABLE_OBJC_ARC = YES;
				CLANG_WARN_BOOL_CONVERSION = YES;
				CLANG_WARN_CONSTANT_CONVERSION = YES;
				CLANG_WARN_DIRECT_OBJC_ISA_USAGE = YES_ERROR;
				CLANG_WARN_EMPTY_BODY = YES;
				CLANG_WARN_ENUM_CONVERSION = YES;
				CLANG_WARN_INFINITE_RECURSION = YES;
				CLANG_WARN_INT_CONVERSION = YES;
				CLANG_WARN_OBJC_ROOT_CLASS = YES_ERROR;
				CLANG_WARN_SUSPICIOUS_MOVE = YES;
				CLANG_WARN_UNREACHABLE_CODE = YES;
				CLANG_WARN__DUPLICATE_METHOD_MATCH = YES;
				"CODE_SIGN_IDENTITY[sdk=iphoneos*]" = "iPhone Developer";
				COPY_PHASE_STRIP = NO;
				DEBUG_INFORMATION_FORMAT = "dwarf-with-dsym";
				ENABLE_NS_ASSERTIONS = NO;
				ENABLE_STRICT_OBJC_MSGSEND = YES;
				GCC_C_LANGUAGE_STANDARD = gnu99;
				GCC_NO_COMMON_BLOCKS = YES;
				GCC_WARN_64_TO_32_BIT_CONVERSION = YES;
				GCC_WARN_ABOUT_RETURN_TYPE = YES_ERROR;
				GCC_WARN_UNDECLARED_SELECTOR = YES;
				GCC_WARN_UNINITIALIZED_AUTOS = YES_AGGRESSIVE;
				GCC_WARN_UNUSED_FUNCTION = YES;
				GCC_WARN_UNUSED_VARIABLE = YES;
				IPHONEOS_DEPLOYMENT_TARGET = 9.2;
				MTL_ENABLE_DEBUG_INFO = NO;
				SDKROOT = iphoneos;
				TARGETED_DEVICE_FAMILY = "1,2";
				VALIDATE_PRODUCT = YES;
			};
			name = Release;
		};
		E259822E1D89EC5D00C07236 /* Debug */ = {
			isa = XCBuildConfiguration;
			baseConfigurationReference = B7B5E49D617F7A179FE8DB55 /* Pods-RidingMechanic.debug.xcconfig */;
			buildSettings = {
				ASSETCATALOG_COMPILER_APPICON_NAME = AppIcon;
				DEVELOPMENT_TEAM = LWU597X333;
				FRAMEWORK_SEARCH_PATHS = (
					"$(inherited)",
					"$(PROJECT_DIR)",
				);
				INFOPLIST_FILE = RidingMechanic/Info.plist;
				LD_RUNPATH_SEARCH_PATHS = "$(inherited) @executable_path/Frameworks";
				PRODUCT_BUNDLE_IDENTIFIER = edu.uwlax.cs.RidingMechanic;
				PRODUCT_NAME = "$(TARGET_NAME)";
				TARGETED_DEVICE_FAMILY = 1;
			};
			name = Debug;
		};
		E259822F1D89EC5D00C07236 /* Release */ = {
			isa = XCBuildConfiguration;
			baseConfigurationReference = F37B068098E7E2B5A443ACE7 /* Pods-RidingMechanic.release.xcconfig */;
			buildSettings = {
				ASSETCATALOG_COMPILER_APPICON_NAME = AppIcon;
				DEVELOPMENT_TEAM = LWU597X333;
				FRAMEWORK_SEARCH_PATHS = (
					"$(inherited)",
					"$(PROJECT_DIR)",
				);
				INFOPLIST_FILE = RidingMechanic/Info.plist;
				LD_RUNPATH_SEARCH_PATHS = "$(inherited) @executable_path/Frameworks";
				PRODUCT_BUNDLE_IDENTIFIER = edu.uwlax.cs.RidingMechanic;
				PRODUCT_NAME = "$(TARGET_NAME)";
				TARGETED_DEVICE_FAMILY = 1;
			};
			name = Release;
		};
		E25982311D89EC5D00C07236 /* Debug */ = {
			isa = XCBuildConfiguration;
			buildSettings = {
				BUNDLE_LOADER = "$(TEST_HOST)";
				INFOPLIST_FILE = RidingMechanicTests/Info.plist;
				LD_RUNPATH_SEARCH_PATHS = "$(inherited) @executable_path/Frameworks @loader_path/Frameworks";
				PRODUCT_BUNDLE_IDENTIFIER = edu.uwlax.cs.RidingMechanicTests;
				PRODUCT_NAME = "$(TARGET_NAME)";
				TEST_HOST = "$(BUILT_PRODUCTS_DIR)/RidingMechanic.app/RidingMechanic";
			};
			name = Debug;
		};
		E25982321D89EC5D00C07236 /* Release */ = {
			isa = XCBuildConfiguration;
			buildSettings = {
				BUNDLE_LOADER = "$(TEST_HOST)";
				INFOPLIST_FILE = RidingMechanicTests/Info.plist;
				LD_RUNPATH_SEARCH_PATHS = "$(inherited) @executable_path/Frameworks @loader_path/Frameworks";
				PRODUCT_BUNDLE_IDENTIFIER = edu.uwlax.cs.RidingMechanicTests;
				PRODUCT_NAME = "$(TARGET_NAME)";
				TEST_HOST = "$(BUILT_PRODUCTS_DIR)/RidingMechanic.app/RidingMechanic";
			};
			name = Release;
		};
		E25982341D89EC5D00C07236 /* Debug */ = {
			isa = XCBuildConfiguration;
			buildSettings = {
				INFOPLIST_FILE = RidingMechanicUITests/Info.plist;
				LD_RUNPATH_SEARCH_PATHS = "$(inherited) @executable_path/Frameworks @loader_path/Frameworks";
				PRODUCT_BUNDLE_IDENTIFIER = edu.uwlax.cs.RidingMechanicUITests;
				PRODUCT_NAME = "$(TARGET_NAME)";
				TEST_TARGET_NAME = RidingMechanic;
				USES_XCTRUNNER = YES;
			};
			name = Debug;
		};
		E25982351D89EC5D00C07236 /* Release */ = {
			isa = XCBuildConfiguration;
			buildSettings = {
				INFOPLIST_FILE = RidingMechanicUITests/Info.plist;
				LD_RUNPATH_SEARCH_PATHS = "$(inherited) @executable_path/Frameworks @loader_path/Frameworks";
				PRODUCT_BUNDLE_IDENTIFIER = edu.uwlax.cs.RidingMechanicUITests;
				PRODUCT_NAME = "$(TARGET_NAME)";
				TEST_TARGET_NAME = RidingMechanic;
				USES_XCTRUNNER = YES;
			};
			name = Release;
		};
/* End XCBuildConfiguration section */

/* Begin XCConfigurationList section */
		E25981F81D89EC5D00C07236 /* Build configuration list for PBXProject "RidingMechanic" */ = {
			isa = XCConfigurationList;
			buildConfigurations = (
				E259822B1D89EC5D00C07236 /* Debug */,
				E259822C1D89EC5D00C07236 /* Release */,
			);
			defaultConfigurationIsVisible = 0;
			defaultConfigurationName = Release;
		};
		E259822D1D89EC5D00C07236 /* Build configuration list for PBXNativeTarget "RidingMechanic" */ = {
			isa = XCConfigurationList;
			buildConfigurations = (
				E259822E1D89EC5D00C07236 /* Debug */,
				E259822F1D89EC5D00C07236 /* Release */,
			);
			defaultConfigurationIsVisible = 0;
			defaultConfigurationName = Release;
		};
		E25982301D89EC5D00C07236 /* Build configuration list for PBXNativeTarget "RidingMechanicTests" */ = {
			isa = XCConfigurationList;
			buildConfigurations = (
				E25982311D89EC5D00C07236 /* Debug */,
				E25982321D89EC5D00C07236 /* Release */,
			);
			defaultConfigurationIsVisible = 0;
			defaultConfigurationName = Release;
		};
		E25982331D89EC5D00C07236 /* Build configuration list for PBXNativeTarget "RidingMechanicUITests" */ = {
			isa = XCConfigurationList;
			buildConfigurations = (
				E25982341D89EC5D00C07236 /* Debug */,
				E25982351D89EC5D00C07236 /* Release */,
			);
			defaultConfigurationIsVisible = 0;
			defaultConfigurationName = Release;
		};
/* End XCConfigurationList section */

/* Begin XCVersionGroup section */
		E2F0004B1DFA161300B58506 /* Database.xcdatamodeld */ = {
			isa = XCVersionGroup;
			children = (
				E2F0004C1DFA161300B58506 /* Database.xcdatamodel */,
			);
			currentVersion = E2F0004C1DFA161300B58506 /* Database.xcdatamodel */;
			path = Database.xcdatamodeld;
			sourceTree = "<group>";
			versionGroupType = wrapper.xcdatamodel;
		};
/* End XCVersionGroup section */
	};
	rootObject = E25981F51D89EC5D00C07236 /* Project object */;
}
